// !$*UTF8*$!
{
	archiveVersion = 1;
	classes = {
	};
	objectVersion = 46;
	objects = {

/* Begin PBXGroup section */
		CC7C51171DAD44BE00E83DF2 = {
			isa = PBXGroup;
			children = (
			);
			sourceTree = "<group>";
		};
/* End PBXGroup section */

/* Begin PBXProject section */
		CC7C51181DAD44BE00E83DF2 /* Project object */ = {
			isa = PBXProject;
			attributes = {
				LastUpgradeCheck = 0800;
			};
			buildConfigurationList = CC7C511B1DAD44BE00E83DF2 /* Build configuration list for PBXProject "DataStream" */;
			compatibilityVersion = "Xcode 3.2";
			developmentRegion = English;
			hasScannedForEncodings = 0;
			knownRegions = (
				en,
			);
			mainGroup = CC7C51171DAD44BE00E83DF2;
			projectDirPath = "";
			projectRoot = "";
			targets = (
			);
		};
/* End PBXProject section */

/* Begin XCBuildConfiguration section */
		CC7C511C1DAD44BE00E83DF2 /* Debug */ = {
			isa = XCBuildConfiguration;
			buildSettings = {
			};
			name = Debug;
		};
		CC7C511D1DAD44BE00E83DF2 /* Release */ = {
			isa = XCBuildConfiguration;
			buildSettings = {
			};
			name = Release;
		};
/* End XCBuildConfiguration section */

/* Begin XCConfigurationList section */
		CC7C511B1DAD44BE00E83DF2 /* Build configuration list for PBXProject "DataStream" */ = {
			isa = XCConfigurationList;
			buildConfigurations = (
				CC7C511C1DAD44BE00E83DF2 /* Debug */,
				CC7C511D1DAD44BE00E83DF2 /* Release */,
			);
			defaultConfigurationIsVisible = 0;
			defaultConfigurationName = Release;
		};
/* End XCConfigurationList section */
	};
	rootObject = CC7C51181DAD44BE00E83DF2 /* Project object */;
}
